// !$*UTF8*$!
{
	archiveVersion = 1;
	classes = {
	};
	objectVersion = 50;
	objects = {

/* Begin PBXBuildFile section */
		7339F27C2463CC68008CE9B0 /* OneMotionSystem.swift in Sources */ = {isa = PBXBuildFile; fileRef = 7339F27B2463CC68008CE9B0 /* OneMotionSystem.swift */; };
		7339F27E2463CE1E008CE9B0 /* Developer.swift in Sources */ = {isa = PBXBuildFile; fileRef = 7339F27D2463CE1E008CE9B0 /* Developer.swift */; };
		7339F2802463CE34008CE9B0 /* Home.swift in Sources */ = {isa = PBXBuildFile; fileRef = 7339F27F2463CE34008CE9B0 /* Home.swift */; };
		7380E170245801EE00FAD2FB /* AppDelegate.swift in Sources */ = {isa = PBXBuildFile; fileRef = 7380E16F245801EE00FAD2FB /* AppDelegate.swift */; };
		7380E172245801EE00FAD2FB /* SceneDelegate.swift in Sources */ = {isa = PBXBuildFile; fileRef = 7380E171245801EE00FAD2FB /* SceneDelegate.swift */; };
		7380E174245801EE00FAD2FB /* ContentView.swift in Sources */ = {isa = PBXBuildFile; fileRef = 7380E173245801EE00FAD2FB /* ContentView.swift */; };
		7380E176245801EF00FAD2FB /* Assets.xcassets in Resources */ = {isa = PBXBuildFile; fileRef = 7380E175245801EF00FAD2FB /* Assets.xcassets */; };
		7380E179245801EF00FAD2FB /* Preview Assets.xcassets in Resources */ = {isa = PBXBuildFile; fileRef = 7380E178245801EF00FAD2FB /* Preview Assets.xcassets */; };
		7380E17C245801EF00FAD2FB /* LaunchScreen.storyboard in Resources */ = {isa = PBXBuildFile; fileRef = 7380E17A245801EF00FAD2FB /* LaunchScreen.storyboard */; };
		7380E187245801EF00FAD2FB /* LandmarksTests.swift in Sources */ = {isa = PBXBuildFile; fileRef = 7380E186245801EF00FAD2FB /* LandmarksTests.swift */; };
		7380E192245801EF00FAD2FB /* LandmarksUITests.swift in Sources */ = {isa = PBXBuildFile; fileRef = 7380E191245801EF00FAD2FB /* LandmarksUITests.swift */; };
		7380E1A0245805DE00FAD2FB /* CircleImage.swift in Sources */ = {isa = PBXBuildFile; fileRef = 7380E19F245805DE00FAD2FB /* CircleImage.swift */; };
		7380E1A22458072600FAD2FB /* SwiftUIView.swift in Sources */ = {isa = PBXBuildFile; fileRef = 7380E1A12458072600FAD2FB /* SwiftUIView.swift */; };
/* End PBXBuildFile section */

/* Begin PBXContainerItemProxy section */
		7380E183245801EF00FAD2FB /* PBXContainerItemProxy */ = {
			isa = PBXContainerItemProxy;
			containerPortal = 7380E164245801EE00FAD2FB /* Project object */;
			proxyType = 1;
			remoteGlobalIDString = 7380E16B245801EE00FAD2FB;
			remoteInfo = Landmarks;
		};
		7380E18E245801EF00FAD2FB /* PBXContainerItemProxy */ = {
			isa = PBXContainerItemProxy;
			containerPortal = 7380E164245801EE00FAD2FB /* Project object */;
			proxyType = 1;
			remoteGlobalIDString = 7380E16B245801EE00FAD2FB;
			remoteInfo = Landmarks;
		};
/* End PBXContainerItemProxy section */

/* Begin PBXFileReference section */
		7339F27B2463CC68008CE9B0 /* OneMotionSystem.swift */ = {isa = PBXFileReference; lastKnownFileType = sourcecode.swift; name = OneMotionSystem.swift; path = ../OneMotionSystem.swift; sourceTree = "<group>"; };
		7339F27D2463CE1E008CE9B0 /* Developer.swift */ = {isa = PBXFileReference; lastKnownFileType = sourcecode.swift; path = Developer.swift; sourceTree = "<group>"; };
		7339F27F2463CE34008CE9B0 /* Home.swift */ = {isa = PBXFileReference; lastKnownFileType = sourcecode.swift; path = Home.swift; sourceTree = "<group>"; };
		7380E16C245801EE00FAD2FB /* Landmarks.app */ = {isa = PBXFileReference; explicitFileType = wrapper.application; includeInIndex = 0; path = Landmarks.app; sourceTree = BUILT_PRODUCTS_DIR; };
		7380E16F245801EE00FAD2FB /* AppDelegate.swift */ = {isa = PBXFileReference; lastKnownFileType = sourcecode.swift; path = AppDelegate.swift; sourceTree = "<group>"; };
		7380E171245801EE00FAD2FB /* SceneDelegate.swift */ = {isa = PBXFileReference; lastKnownFileType = sourcecode.swift; path = SceneDelegate.swift; sourceTree = "<group>"; };
		7380E173245801EE00FAD2FB /* ContentView.swift */ = {isa = PBXFileReference; lastKnownFileType = sourcecode.swift; path = ContentView.swift; sourceTree = "<group>"; };
		7380E175245801EF00FAD2FB /* Assets.xcassets */ = {isa = PBXFileReference; lastKnownFileType = folder.assetcatalog; path = Assets.xcassets; sourceTree = "<group>"; };
		7380E178245801EF00FAD2FB /* Preview Assets.xcassets */ = {isa = PBXFileReference; lastKnownFileType = folder.assetcatalog; path = "Preview Assets.xcassets"; sourceTree = "<group>"; };
		7380E17B245801EF00FAD2FB /* Base */ = {isa = PBXFileReference; lastKnownFileType = file.storyboard; name = Base; path = Base.lproj/LaunchScreen.storyboard; sourceTree = "<group>"; };
		7380E17D245801EF00FAD2FB /* Info.plist */ = {isa = PBXFileReference; lastKnownFileType = text.plist.xml; path = Info.plist; sourceTree = "<group>"; };
		7380E182245801EF00FAD2FB /* LandmarksTests.xctest */ = {isa = PBXFileReference; explicitFileType = wrapper.cfbundle; includeInIndex = 0; path = LandmarksTests.xctest; sourceTree = BUILT_PRODUCTS_DIR; };
		7380E186245801EF00FAD2FB /* LandmarksTests.swift */ = {isa = PBXFileReference; lastKnownFileType = sourcecode.swift; path = LandmarksTests.swift; sourceTree = "<group>"; };
		7380E188245801EF00FAD2FB /* Info.plist */ = {isa = PBXFileReference; lastKnownFileType = text.plist.xml; path = Info.plist; sourceTree = "<group>"; };
		7380E18D245801EF00FAD2FB /* LandmarksUITests.xctest */ = {isa = PBXFileReference; explicitFileType = wrapper.cfbundle; includeInIndex = 0; path = LandmarksUITests.xctest; sourceTree = BUILT_PRODUCTS_DIR; };
		7380E191245801EF00FAD2FB /* LandmarksUITests.swift */ = {isa = PBXFileReference; lastKnownFileType = sourcecode.swift; path = LandmarksUITests.swift; sourceTree = "<group>"; };
		7380E193245801EF00FAD2FB /* Info.plist */ = {isa = PBXFileReference; lastKnownFileType = text.plist.xml; path = Info.plist; sourceTree = "<group>"; };
		7380E19F245805DE00FAD2FB /* CircleImage.swift */ = {isa = PBXFileReference; lastKnownFileType = sourcecode.swift; path = CircleImage.swift; sourceTree = "<group>"; };
		7380E1A12458072600FAD2FB /* SwiftUIView.swift */ = {isa = PBXFileReference; lastKnownFileType = sourcecode.swift; path = SwiftUIView.swift; sourceTree = "<group>"; };
/* End PBXFileReference section */

/* Begin PBXFrameworksBuildPhase section */
		7380E169245801EE00FAD2FB /* Frameworks */ = {
			isa = PBXFrameworksBuildPhase;
			buildActionMask = 2147483647;
			files = (
			);
			runOnlyForDeploymentPostprocessing = 0;
		};
		7380E17F245801EF00FAD2FB /* Frameworks */ = {
			isa = PBXFrameworksBuildPhase;
			buildActionMask = 2147483647;
			files = (
			);
			runOnlyForDeploymentPostprocessing = 0;
		};
		7380E18A245801EF00FAD2FB /* Frameworks */ = {
			isa = PBXFrameworksBuildPhase;
			buildActionMask = 2147483647;
			files = (
			);
			runOnlyForDeploymentPostprocessing = 0;
		};
/* End PBXFrameworksBuildPhase section */

/* Begin PBXGroup section */
		7380E163245801EE00FAD2FB = {
			isa = PBXGroup;
			children = (
				7380E16E245801EE00FAD2FB /* Landmarks */,
				7380E185245801EF00FAD2FB /* LandmarksTests */,
				7380E190245801EF00FAD2FB /* LandmarksUITests */,
				7380E16D245801EE00FAD2FB /* Products */,
			);
			sourceTree = "<group>";
		};
		7380E16D245801EE00FAD2FB /* Products */ = {
			isa = PBXGroup;
			children = (
				7380E16C245801EE00FAD2FB /* Landmarks.app */,
				7380E182245801EF00FAD2FB /* LandmarksTests.xctest */,
				7380E18D245801EF00FAD2FB /* LandmarksUITests.xctest */,
			);
			name = Products;
			sourceTree = "<group>";
		};
		7380E16E245801EE00FAD2FB /* Landmarks */ = {
			isa = PBXGroup;
			children = (
				7339F27D2463CE1E008CE9B0 /* Developer.swift */,
				7339F27F2463CE34008CE9B0 /* Home.swift */,
				7339F27B2463CC68008CE9B0 /* OneMotionSystem.swift */,
				7380E16F245801EE00FAD2FB /* AppDelegate.swift */,
				7380E171245801EE00FAD2FB /* SceneDelegate.swift */,
				7380E173245801EE00FAD2FB /* ContentView.swift */,
				7380E19F245805DE00FAD2FB /* CircleImage.swift */,
				7380E1A12458072600FAD2FB /* SwiftUIView.swift */,
				7380E175245801EF00FAD2FB /* Assets.xcassets */,
				7380E17A245801EF00FAD2FB /* LaunchScreen.storyboard */,
				7380E17D245801EF00FAD2FB /* Info.plist */,
				7380E177245801EF00FAD2FB /* Preview Content */,
			);
			path = Landmarks;
			sourceTree = "<group>";
		};
		7380E177245801EF00FAD2FB /* Preview Content */ = {
			isa = PBXGroup;
			children = (
				7380E178245801EF00FAD2FB /* Preview Assets.xcassets */,
			);
			path = "Preview Content";
			sourceTree = "<group>";
		};
		7380E185245801EF00FAD2FB /* LandmarksTests */ = {
			isa = PBXGroup;
			children = (
				7380E186245801EF00FAD2FB /* LandmarksTests.swift */,
				7380E188245801EF00FAD2FB /* Info.plist */,
			);
			path = LandmarksTests;
			sourceTree = "<group>";
		};
		7380E190245801EF00FAD2FB /* LandmarksUITests */ = {
			isa = PBXGroup;
			children = (
				7380E191245801EF00FAD2FB /* LandmarksUITests.swift */,
				7380E193245801EF00FAD2FB /* Info.plist */,
			);
			path = LandmarksUITests;
			sourceTree = "<group>";
		};
/* End PBXGroup section */

/* Begin PBXNativeTarget section */
		7380E16B245801EE00FAD2FB /* Landmarks */ = {
			isa = PBXNativeTarget;
			buildConfigurationList = 7380E196245801EF00FAD2FB /* Build configuration list for PBXNativeTarget "Landmarks" */;
			buildPhases = (
				7380E168245801EE00FAD2FB /* Sources */,
				7380E169245801EE00FAD2FB /* Frameworks */,
				7380E16A245801EE00FAD2FB /* Resources */,
			);
			buildRules = (
			);
			dependencies = (
			);
			name = Landmarks;
			productName = Landmarks;
			productReference = 7380E16C245801EE00FAD2FB /* Landmarks.app */;
			productType = "com.apple.product-type.application";
		};
		7380E181245801EF00FAD2FB /* LandmarksTests */ = {
			isa = PBXNativeTarget;
			buildConfigurationList = 7380E199245801EF00FAD2FB /* Build configuration list for PBXNativeTarget "LandmarksTests" */;
			buildPhases = (
				7380E17E245801EF00FAD2FB /* Sources */,
				7380E17F245801EF00FAD2FB /* Frameworks */,
				7380E180245801EF00FAD2FB /* Resources */,
			);
			buildRules = (
			);
			dependencies = (
				7380E184245801EF00FAD2FB /* PBXTargetDependency */,
			);
			name = LandmarksTests;
			productName = LandmarksTests;
			productReference = 7380E182245801EF00FAD2FB /* LandmarksTests.xctest */;
			productType = "com.apple.product-type.bundle.unit-test";
		};
		7380E18C245801EF00FAD2FB /* LandmarksUITests */ = {
			isa = PBXNativeTarget;
			buildConfigurationList = 7380E19C245801EF00FAD2FB /* Build configuration list for PBXNativeTarget "LandmarksUITests" */;
			buildPhases = (
				7380E189245801EF00FAD2FB /* Sources */,
				7380E18A245801EF00FAD2FB /* Frameworks */,
				7380E18B245801EF00FAD2FB /* Resources */,
			);
			buildRules = (
			);
			dependencies = (
				7380E18F245801EF00FAD2FB /* PBXTargetDependency */,
			);
			name = LandmarksUITests;
			productName = LandmarksUITests;
			productReference = 7380E18D245801EF00FAD2FB /* LandmarksUITests.xctest */;
			productType = "com.apple.product-type.bundle.ui-testing";
		};
/* End PBXNativeTarget section */

/* Begin PBXProject section */
		7380E164245801EE00FAD2FB /* Project object */ = {
			isa = PBXProject;
			attributes = {
				LastSwiftUpdateCheck = 1140;
				LastUpgradeCheck = 1140;
				ORGANIZATIONNAME = "Jason Vainikolo";
				TargetAttributes = {
					7380E16B245801EE00FAD2FB = {
						CreatedOnToolsVersion = 11.4.1;
					};
					7380E181245801EF00FAD2FB = {
						CreatedOnToolsVersion = 11.4.1;
						TestTargetID = 7380E16B245801EE00FAD2FB;
					};
					7380E18C245801EF00FAD2FB = {
						CreatedOnToolsVersion = 11.4.1;
						TestTargetID = 7380E16B245801EE00FAD2FB;
					};
				};
			};
			buildConfigurationList = 7380E167245801EE00FAD2FB /* Build configuration list for PBXProject "Landmarks" */;
			compatibilityVersion = "Xcode 9.3";
			developmentRegion = en;
			hasScannedForEncodings = 0;
			knownRegions = (
				en,
				Base,
			);
			mainGroup = 7380E163245801EE00FAD2FB;
			productRefGroup = 7380E16D245801EE00FAD2FB /* Products */;
			projectDirPath = "";
			projectRoot = "";
			targets = (
				7380E16B245801EE00FAD2FB /* Landmarks */,
				7380E181245801EF00FAD2FB /* LandmarksTests */,
				7380E18C245801EF00FAD2FB /* LandmarksUITests */,
			);
		};
/* End PBXProject section */

/* Begin PBXResourcesBuildPhase section */
		7380E16A245801EE00FAD2FB /* Resources */ = {
			isa = PBXResourcesBuildPhase;
			buildActionMask = 2147483647;
			files = (
				7380E17C245801EF00FAD2FB /* LaunchScreen.storyboard in Resources */,
				7380E179245801EF00FAD2FB /* Preview Assets.xcassets in Resources */,
				7380E176245801EF00FAD2FB /* Assets.xcassets in Resources */,
			);
			runOnlyForDeploymentPostprocessing = 0;
		};
		7380E180245801EF00FAD2FB /* Resources */ = {
			isa = PBXResourcesBuildPhase;
			buildActionMask = 2147483647;
			files = (
			);
			runOnlyForDeploymentPostprocessing = 0;
		};
		7380E18B245801EF00FAD2FB /* Resources */ = {
			isa = PBXResourcesBuildPhase;
			buildActionMask = 2147483647;
			files = (
			);
			runOnlyForDeploymentPostprocessing = 0;
		};
/* End PBXResourcesBuildPhase section */

/* Begin PBXSourcesBuildPhase section */
		7380E168245801EE00FAD2FB /* Sources */ = {
			isa = PBXSourcesBuildPhase;
			buildActionMask = 2147483647;
			files = (
				7380E170245801EE00FAD2FB /* AppDelegate.swift in Sources */,
				7380E1A0245805DE00FAD2FB /* CircleImage.swift in Sources */,
				7339F27C2463CC68008CE9B0 /* OneMotionSystem.swift in Sources */,
				7380E172245801EE00FAD2FB /* SceneDelegate.swift in Sources */,
				7380E174245801EE00FAD2FB /* ContentView.swift in Sources */,
				7380E1A22458072600FAD2FB /* SwiftUIView.swift in Sources */,
				7339F2802463CE34008CE9B0 /* Home.swift in Sources */,
				7339F27E2463CE1E008CE9B0 /* Developer.swift in Sources */,
			);
			runOnlyForDeploymentPostprocessing = 0;
		};
		7380E17E245801EF00FAD2FB /* Sources */ = {
			isa = PBXSourcesBuildPhase;
			buildActionMask = 2147483647;
			files = (
				7380E187245801EF00FAD2FB /* LandmarksTests.swift in Sources */,
			);
			runOnlyForDeploymentPostprocessing = 0;
		};
		7380E189245801EF00FAD2FB /* Sources */ = {
			isa = PBXSourcesBuildPhase;
			buildActionMask = 2147483647;
			files = (
				7380E192245801EF00FAD2FB /* LandmarksUITests.swift in Sources */,
			);
			runOnlyForDeploymentPostprocessing = 0;
		};
/* End PBXSourcesBuildPhase section */

/* Begin PBXTargetDependency section */
		7380E184245801EF00FAD2FB /* PBXTargetDependency */ = {
			isa = PBXTargetDependency;
			target = 7380E16B245801EE00FAD2FB /* Landmarks */;
			targetProxy = 7380E183245801EF00FAD2FB /* PBXContainerItemProxy */;
		};
		7380E18F245801EF00FAD2FB /* PBXTargetDependency */ = {
			isa = PBXTargetDependency;
			target = 7380E16B245801EE00FAD2FB /* Landmarks */;
			targetProxy = 7380E18E245801EF00FAD2FB /* PBXContainerItemProxy */;
		};
/* End PBXTargetDependency section */

/* Begin PBXVariantGroup section */
		7380E17A245801EF00FAD2FB /* LaunchScreen.storyboard */ = {
			isa = PBXVariantGroup;
			children = (
				7380E17B245801EF00FAD2FB /* Base */,
			);
			name = LaunchScreen.storyboard;
			sourceTree = "<group>";
		};
/* End PBXVariantGroup section */

/* Begin XCBuildConfiguration section */
		7380E194245801EF00FAD2FB /* Debug */ = {
			isa = XCBuildConfiguration;
			buildSettings = {
				ALWAYS_SEARCH_USER_PATHS = NO;
				CLANG_ANALYZER_NONNULL = YES;
				CLANG_ANALYZER_NUMBER_OBJECT_CONVERSION = YES_AGGRESSIVE;
				CLANG_CXX_LANGUAGE_STANDARD = "gnu++14";
				CLANG_CXX_LIBRARY = "libc++";
				CLANG_ENABLE_MODULES = YES;
				CLANG_ENABLE_OBJC_ARC = YES;
				CLANG_ENABLE_OBJC_WEAK = YES;
				CLANG_WARN_BLOCK_CAPTURE_AUTORELEASING = YES;
				CLANG_WARN_BOOL_CONVERSION = YES;
				CLANG_WARN_COMMA = YES;
				CLANG_WARN_CONSTANT_CONVERSION = YES;
				CLANG_WARN_DEPRECATED_OBJC_IMPLEMENTATIONS = YES;
				CLANG_WARN_DIRECT_OBJC_ISA_USAGE = YES_ERROR;
				CLANG_WARN_DOCUMENTATION_COMMENTS = YES;
				CLANG_WARN_EMPTY_BODY = YES;
				CLANG_WARN_ENUM_CONVERSION = YES;
				CLANG_WARN_INFINITE_RECURSION = YES;
				CLANG_WARN_INT_CONVERSION = YES;
				CLANG_WARN_NON_LITERAL_NULL_CONVERSION = YES;
				CLANG_WARN_OBJC_IMPLICIT_RETAIN_SELF = YES;
				CLANG_WARN_OBJC_LITERAL_CONVERSION = YES;
				CLANG_WARN_OBJC_ROOT_CLASS = YES_ERROR;
				CLANG_WARN_RANGE_LOOP_ANALYSIS = YES;
				CLANG_WARN_STRICT_PROTOTYPES = YES;
				CLANG_WARN_SUSPICIOUS_MOVE = YES;
				CLANG_WARN_UNGUARDED_AVAILABILITY = YES_AGGRESSIVE;
				CLANG_WARN_UNREACHABLE_CODE = YES;
				CLANG_WARN__DUPLICATE_METHOD_MATCH = YES;
				COPY_PHASE_STRIP = NO;
				DEBUG_INFORMATION_FORMAT = dwarf;
				ENABLE_STRICT_OBJC_MSGSEND = YES;
				ENABLE_TESTABILITY = YES;
				GCC_C_LANGUAGE_STANDARD = gnu11;
				GCC_DYNAMIC_NO_PIC = NO;
				GCC_NO_COMMON_BLOCKS = YES;
				GCC_OPTIMIZATION_LEVEL = 0;
				GCC_PREPROCESSOR_DEFINITIONS = (
					"DEBUG=1",
					"$(inherited)",
				);
				GCC_WARN_64_TO_32_BIT_CONVERSION = YES;
				GCC_WARN_ABOUT_RETURN_TYPE = YES_ERROR;
				GCC_WARN_UNDECLARED_SELECTOR = YES;
				GCC_WARN_UNINITIALIZED_AUTOS = YES_AGGRESSIVE;
				GCC_WARN_UNUSED_FUNCTION = YES;
				GCC_WARN_UNUSED_VARIABLE = YES;
				IPHONEOS_DEPLOYMENT_TARGET = 13.4;
				MTL_ENABLE_DEBUG_INFO = INCLUDE_SOURCE;
				MTL_FAST_MATH = YES;
				ONLY_ACTIVE_ARCH = YES;
				SDKROOT = iphoneos;
				SWIFT_ACTIVE_COMPILATION_CONDITIONS = DEBUG;
				SWIFT_OPTIMIZATION_LEVEL = "-Onone";
			};
			name = Debug;
		};
		7380E195245801EF00FAD2FB /* Release */ = {
			isa = XCBuildConfiguration;
			buildSettings = {
				ALWAYS_SEARCH_USER_PATHS = NO;
				CLANG_ANALYZER_NONNULL = YES;
				CLANG_ANALYZER_NUMBER_OBJECT_CONVERSION = YES_AGGRESSIVE;
				CLANG_CXX_LANGUAGE_STANDARD = "gnu++14";
				CLANG_CXX_LIBRARY = "libc++";
				CLANG_ENABLE_MODULES = YES;
				CLANG_ENABLE_OBJC_ARC = YES;
				CLANG_ENABLE_OBJC_WEAK = YES;
				CLANG_WARN_BLOCK_CAPTURE_AUTORELEASING = YES;
				CLANG_WARN_BOOL_CONVERSION = YES;
				CLANG_WARN_COMMA = YES;
				CLANG_WARN_CONSTANT_CONVERSION = YES;
				CLANG_WARN_DEPRECATED_OBJC_IMPLEMENTATIONS = YES;
				CLANG_WARN_DIRECT_OBJC_ISA_USAGE = YES_ERROR;
				CLANG_WARN_DOCUMENTATION_COMMENTS = YES;
				CLANG_WARN_EMPTY_BODY = YES;
				CLANG_WARN_ENUM_CONVERSION = YES;
				CLANG_WARN_INFINITE_RECURSION = YES;
				CLANG_WARN_INT_CONVERSION = YES;
				CLANG_WARN_NON_LITERAL_NULL_CONVERSION = YES;
				CLANG_WARN_OBJC_IMPLICIT_RETAIN_SELF = YES;
				CLANG_WARN_OBJC_LITERAL_CONVERSION = YES;
				CLANG_WARN_OBJC_ROOT_CLASS = YES_ERROR;
				CLANG_WARN_RANGE_LOOP_ANALYSIS = YES;
				CLANG_WARN_STRICT_PROTOTYPES = YES;
				CLANG_WARN_SUSPICIOUS_MOVE = YES;
				CLANG_WARN_UNGUARDED_AVAILABILITY = YES_AGGRESSIVE;
				CLANG_WARN_UNREACHABLE_CODE = YES;
				CLANG_WARN__DUPLICATE_METHOD_MATCH = YES;
				COPY_PHASE_STRIP = NO;
				DEBUG_INFORMATION_FORMAT = "dwarf-with-dsym";
				ENABLE_NS_ASSERTIONS = NO;
				ENABLE_STRICT_OBJC_MSGSEND = YES;
				GCC_C_LANGUAGE_STANDARD = gnu11;
				GCC_NO_COMMON_BLOCKS = YES;
				GCC_WARN_64_TO_32_BIT_CONVERSION = YES;
				GCC_WARN_ABOUT_RETURN_TYPE = YES_ERROR;
				GCC_WARN_UNDECLARED_SELECTOR = YES;
				GCC_WARN_UNINITIALIZED_AUTOS = YES_AGGRESSIVE;
				GCC_WARN_UNUSED_FUNCTION = YES;
				GCC_WARN_UNUSED_VARIABLE = YES;
				IPHONEOS_DEPLOYMENT_TARGET = 13.4;
				MTL_ENABLE_DEBUG_INFO = NO;
				MTL_FAST_MATH = YES;
				SDKROOT = iphoneos;
				SWIFT_COMPILATION_MODE = wholemodule;
				SWIFT_OPTIMIZATION_LEVEL = "-O";
				VALIDATE_PRODUCT = YES;
			};
			name = Release;
		};
		7380E197245801EF00FAD2FB /* Debug */ = {
			isa = XCBuildConfiguration;
			buildSettings = {
				ASSETCATALOG_COMPILER_APPICON_NAME = AppIcon;
				CODE_SIGN_STYLE = Automatic;
				DEVELOPMENT_ASSET_PATHS = "\"Landmarks/Preview Content\"";
				ENABLE_PREVIEWS = YES;
				INFOPLIST_FILE = Landmarks/Info.plist;
				LD_RUNPATH_SEARCH_PATHS = (
					"$(inherited)",
					"@executable_path/Frameworks",
				);
				PRODUCT_BUNDLE_IDENTIFIER = AUT.Landmarks;
				PRODUCT_NAME = "$(TARGET_NAME)";
				SWIFT_VERSION = 5.0;
				TARGETED_DEVICE_FAMILY = "1,2";
			};
			name = Debug;
		};
		7380E198245801EF00FAD2FB /* Release */ = {
			isa = XCBuildConfiguration;
			buildSettings = {
				ASSETCATALOG_COMPILER_APPICON_NAME = AppIcon;
				CODE_SIGN_STYLE = Automatic;
				DEVELOPMENT_ASSET_PATHS = "\"Landmarks/Preview Content\"";
				ENABLE_PREVIEWS = YES;
				INFOPLIST_FILE = Landmarks/Info.plist;
				LD_RUNPATH_SEARCH_PATHS = (
					"$(inherited)",
					"@executable_path/Frameworks",
				);
				PRODUCT_BUNDLE_IDENTIFIER = AUT.Landmarks;
				PRODUCT_NAME = "$(TARGET_NAME)";
				SWIFT_VERSION = 5.0;
				TARGETED_DEVICE_FAMILY = "1,2";
			};
			name = Release;
		};
		7380E19A245801EF00FAD2FB /* Debug */ = {
			isa = XCBuildConfiguration;
			buildSettings = {
				ALWAYS_EMBED_SWIFT_STANDARD_LIBRARIES = YES;
				BUNDLE_LOADER = "$(TEST_HOST)";
				CODE_SIGN_STYLE = Automatic;
				INFOPLIST_FILE = LandmarksTests/Info.plist;
				IPHONEOS_DEPLOYMENT_TARGET = 13.4;
				LD_RUNPATH_SEARCH_PATHS = (
					"$(inherited)",
					"@executable_path/Frameworks",
					"@loader_path/Frameworks",
				);
				PRODUCT_BUNDLE_IDENTIFIER = AUT.LandmarksTests;
				PRODUCT_NAME = "$(TARGET_NAME)";
				SWIFT_VERSION = 5.0;
				TARGETED_DEVICE_FAMILY = "1,2";
				TEST_HOST = "$(BUILT_PRODUCTS_DIR)/Landmarks.app/Landmarks";
			};
			name = Debug;
		};
		7380E19B245801EF00FAD2FB /* Release */ = {
			isa = XCBuildConfiguration;
			buildSettings = {
				ALWAYS_EMBED_SWIFT_STANDARD_LIBRARIES = YES;
				BUNDLE_LOADER = "$(TEST_HOST)";
				CODE_SIGN_STYLE = Automatic;
				INFOPLIST_FILE = LandmarksTests/Info.plist;
				IPHONEOS_DEPLOYMENT_TARGET = 13.4;
				LD_RUNPATH_SEARCH_PATHS = (
					"$(inherited)",
					"@executable_path/Frameworks",
					"@loader_path/Frameworks",
				);
				PRODUCT_BUNDLE_IDENTIFIER = AUT.LandmarksTests;
				PRODUCT_NAME = "$(TARGET_NAME)";
				SWIFT_VERSION = 5.0;
				TARGETED_DEVICE_FAMILY = "1,2";
				TEST_HOST = "$(BUILT_PRODUCTS_DIR)/Landmarks.app/Landmarks";
			};
			name = Release;
		};
		7380E19D245801EF00FAD2FB /* Debug */ = {
			isa = XCBuildConfiguration;
			buildSettings = {
				ALWAYS_EMBED_SWIFT_STANDARD_LIBRARIES = YES;
				CODE_SIGN_STYLE = Automatic;
				INFOPLIST_FILE = LandmarksUITests/Info.plist;
				LD_RUNPATH_SEARCH_PATHS = (
					"$(inherited)",
					"@executable_path/Frameworks",
					"@loader_path/Frameworks",
				);
				PRODUCT_BUNDLE_IDENTIFIER = AUT.LandmarksUITests;
				PRODUCT_NAME = "$(TARGET_NAME)";
				SWIFT_VERSION = 5.0;
				TARGETED_DEVICE_FAMILY = "1,2";
				TEST_TARGET_NAME = Landmarks;
			};
			name = Debug;
		};
		7380E19E245801EF00FAD2FB /* Release */ = {
			isa = XCBuildConfiguration;
			buildSettings = {
				ALWAYS_EMBED_SWIFT_STANDARD_LIBRARIES = YES;
				CODE_SIGN_STYLE = Automatic;
				INFOPLIST_FILE = LandmarksUITests/Info.plist;
				LD_RUNPATH_SEARCH_PATHS = (
					"$(inherited)",
					"@executable_path/Frameworks",
					"@loader_path/Frameworks",
				);
				PRODUCT_BUNDLE_IDENTIFIER = AUT.LandmarksUITests;
				PRODUCT_NAME = "$(TARGET_NAME)";
				SWIFT_VERSION = 5.0;
				TARGETED_DEVICE_FAMILY = "1,2";
				TEST_TARGET_NAME = Landmarks;
			};
			name = Release;
		};
/* End XCBuildConfiguration section */

/* Begin XCConfigurationList section */
		7380E167245801EE00FAD2FB /* Build configuration list for PBXProject "Landmarks" */ = {
			isa = XCConfigurationList;
			buildConfigurations = (
				7380E194245801EF00FAD2FB /* Debug */,
				7380E195245801EF00FAD2FB /* Release */,
			);
			defaultConfigurationIsVisible = 0;
			defaultConfigurationName = Release;
		};
		7380E196245801EF00FAD2FB /* Build configuration list for PBXNativeTarget "Landmarks" */ = {
			isa = XCConfigurationList;
			buildConfigurations = (
				7380E197245801EF00FAD2FB /* Debug */,
				7380E198245801EF00FAD2FB /* Release */,
			);
			defaultConfigurationIsVisible = 0;
			defaultConfigurationName = Release;
		};
		7380E199245801EF00FAD2FB /* Build configuration list for PBXNativeTarget "LandmarksTests" */ = {
			isa = XCConfigurationList;
			buildConfigurations = (
				7380E19A245801EF00FAD2FB /* Debug */,
				7380E19B245801EF00FAD2FB /* Release */,
			);
			defaultConfigurationIsVisible = 0;
			defaultConfigurationName = Release;
		};
		7380E19C245801EF00FAD2FB /* Build configuration list for PBXNativeTarget "LandmarksUITests" */ = {
			isa = XCConfigurationList;
			buildConfigurations = (
				7380E19D245801EF00FAD2FB /* Debug */,
				7380E19E245801EF00FAD2FB /* Release */,
			);
			defaultConfigurationIsVisible = 0;
			defaultConfigurationName = Release;
		};
/* End XCConfigurationList section */
	};
	rootObject = 7380E164245801EE00FAD2FB /* Project object */;
}
